
Microsoft Visual Studio Solution File, Format Version 12.00
# Visual Studio Version 16
VisualStudioVersion = 16.0.29123.88
MinimumVisualStudioVersion = 10.0.40219.1
Project("{FAE04EC0-301F-11D3-BF4B-00C04F79EFBC}") = "WindowsFormsForLeecode", "WindowsFormsForLeecode\WindowsFormsForLeecode.csproj", "{AC3D4455-448D-49E6-8751-E69695CD938F}"
EndProject
Global
	GlobalSection(SolutionConfigurationPlatforms) = preSolution
		Debug|Any CPU = Debug|Any CPU
		Release|Any CPU = Release|Any CPU
	EndGlobalSection
	GlobalSection(ProjectConfigurationPlatforms) = postSolution
		{AC3D4455-448D-49E6-8751-E69695CD938F}.Debug|Any CPU.ActiveCfg = Debug|Any CPU
		{AC3D4455-448D-49E6-8751-E69695CD938F}.Debug|Any CPU.Build.0 = Debug|Any CPU
		{AC3D4455-448D-49E6-8751-E69695CD938F}.Release|Any CPU.ActiveCfg = Release|Any CPU
		{AC3D4455-448D-49E6-8751-E69695CD938F}.Release|Any CPU.Build.0 = Release|Any CPU
	EndGlobalSection
	GlobalSection(SolutionProperties) = preSolution
		HideSolutionNode = FALSE
	EndGlobalSection
	GlobalSection(ExtensibilityGlobals) = postSolution
		SolutionGuid = {68672A90-1F53-4558-B799-883C8EF37ECD}
	EndGlobalSection
EndGlobal
